// !$*UTF8*$!
{
	archiveVersion = 1;
	classes = {
	};
	objectVersion = 48;
	objects = {

/* Begin PBXBuildFile section */
		1C4BEC361BF944B5EB3CB637 /* Pods_Vagary.framework in Frameworks */ = {isa = PBXBuildFile; fileRef = 7F5CB0FB7333199D0682207D /* Pods_Vagary.framework */; };
		7E1192482062C0D800B28B34 /* AppDelegate.swift in Sources */ = {isa = PBXBuildFile; fileRef = 7E1192472062C0D800B28B34 /* AppDelegate.swift */; };
		7E11925C2062E93C00B28B34 /* FacebookViewController.swift in Sources */ = {isa = PBXBuildFile; fileRef = 7E11925B2062E93B00B28B34 /* FacebookViewController.swift */; };
		7E11925F2062EDA800B28B34 /* TableViewController.swift in Sources */ = {isa = PBXBuildFile; fileRef = 7E11925D2062EDA800B28B34 /* TableViewController.swift */; };
		7E1192602062EDA800B28B34 /* TableViewController2.swift in Sources */ = {isa = PBXBuildFile; fileRef = 7E11925E2062EDA800B28B34 /* TableViewController2.swift */; };
		7E1192632062EDB200B28B34 /* InstrumentationRootViewController.swift in Sources */ = {isa = PBXBuildFile; fileRef = 7E1192612062EDB100B28B34 /* InstrumentationRootViewController.swift */; };
		7E1192642062EDB200B28B34 /* EditorViewController.swift in Sources */ = {isa = PBXBuildFile; fileRef = 7E1192622062EDB100B28B34 /* EditorViewController.swift */; };
		7E1192662062EDBB00B28B34 /* MapViewController.swift in Sources */ = {isa = PBXBuildFile; fileRef = 7E1192652062EDBB00B28B34 /* MapViewController.swift */; };
		7E11926B2062EE1B00B28B34 /* Assets.xcassets in Resources */ = {isa = PBXBuildFile; fileRef = 7E11926A2062EE1B00B28B34 /* Assets.xcassets */; };
		7E1192702063327200B28B34 /* attractions.json in Resources */ = {isa = PBXBuildFile; fileRef = 7E11926F2063327200B28B34 /* attractions.json */; };
		7E3C5F41207D0E5700C3D93D /* Main.storyboard in Resources */ = {isa = PBXBuildFile; fileRef = 7E3C5F3F207D0E5700C3D93D /* Main.storyboard */; };
		CD9B10ED206ECBC500DABB96 /* LaunchScreen.storyboard in Resources */ = {isa = PBXBuildFile; fileRef = CD9B10EA206ECBC500DABB96 /* LaunchScreen.storyboard */; };
		CDB693DE207C6F2F00CD7D61 /* Attraction.swift in Sources */ = {isa = PBXBuildFile; fileRef = CDB693DD207C6F2F00CD7D61 /* Attraction.swift */; };
/* End PBXBuildFile section */

/* Begin PBXFileReference section */
		7A8B7396CBDA27EE128BAE00 /* Pods-Vagary.debug.xcconfig */ = {isa = PBXFileReference; includeInIndex = 1; lastKnownFileType = text.xcconfig; name = "Pods-Vagary.debug.xcconfig"; path = "Pods/Target Support Files/Pods-Vagary/Pods-Vagary.debug.xcconfig"; sourceTree = "<group>"; };
		7E1192442062C0D800B28B34 /* Vagary.app */ = {isa = PBXFileReference; explicitFileType = wrapper.application; includeInIndex = 0; path = Vagary.app; sourceTree = BUILT_PRODUCTS_DIR; };
		7E1192472062C0D800B28B34 /* AppDelegate.swift */ = {isa = PBXFileReference; fileEncoding = 4; lastKnownFileType = sourcecode.swift; path = AppDelegate.swift; sourceTree = "<group>"; };
		7E1192552062C0D900B28B34 /* Info.plist */ = {isa = PBXFileReference; lastKnownFileType = text.plist.xml; path = Info.plist; sourceTree = "<group>"; };
		7E11925B2062E93B00B28B34 /* FacebookViewController.swift */ = {isa = PBXFileReference; fileEncoding = 4; lastKnownFileType = sourcecode.swift; path = FacebookViewController.swift; sourceTree = "<group>"; };
		7E11925D2062EDA800B28B34 /* TableViewController.swift */ = {isa = PBXFileReference; fileEncoding = 4; lastKnownFileType = sourcecode.swift; path = TableViewController.swift; sourceTree = "<group>"; };
		7E11925E2062EDA800B28B34 /* TableViewController2.swift */ = {isa = PBXFileReference; fileEncoding = 4; lastKnownFileType = sourcecode.swift; path = TableViewController2.swift; sourceTree = "<group>"; };
		7E1192612062EDB100B28B34 /* InstrumentationRootViewController.swift */ = {isa = PBXFileReference; fileEncoding = 4; lastKnownFileType = sourcecode.swift; path = InstrumentationRootViewController.swift; sourceTree = "<group>"; };
		7E1192622062EDB100B28B34 /* EditorViewController.swift */ = {isa = PBXFileReference; fileEncoding = 4; lastKnownFileType = sourcecode.swift; path = EditorViewController.swift; sourceTree = "<group>"; };
		7E1192652062EDBB00B28B34 /* MapViewController.swift */ = {isa = PBXFileReference; fileEncoding = 4; lastKnownFileType = sourcecode.swift; path = MapViewController.swift; sourceTree = "<group>"; };
		7E11926A2062EE1B00B28B34 /* Assets.xcassets */ = {isa = PBXFileReference; lastKnownFileType = folder.assetcatalog; path = Assets.xcassets; sourceTree = "<group>"; };
		7E11926F2063327200B28B34 /* attractions.json */ = {isa = PBXFileReference; fileEncoding = 4; lastKnownFileType = text.json; path = attractions.json; sourceTree = "<group>"; };
		7E3C5F40207D0E5700C3D93D /* Base */ = {isa = PBXFileReference; lastKnownFileType = file.storyboard; name = Base; path = Base.lproj/Main.storyboard; sourceTree = "<group>"; };
		7F5CB0FB7333199D0682207D /* Pods_Vagary.framework */ = {isa = PBXFileReference; explicitFileType = wrapper.framework; includeInIndex = 0; path = Pods_Vagary.framework; sourceTree = BUILT_PRODUCTS_DIR; };
		9F05E26517EDE0386728E827 /* Pods-Vagary.release.xcconfig */ = {isa = PBXFileReference; includeInIndex = 1; lastKnownFileType = text.xcconfig; name = "Pods-Vagary.release.xcconfig"; path = "Pods/Target Support Files/Pods-Vagary/Pods-Vagary.release.xcconfig"; sourceTree = "<group>"; };
		CD9B10EB206ECBC500DABB96 /* Base */ = {isa = PBXFileReference; lastKnownFileType = file.storyboard; name = Base; path = Base.lproj/LaunchScreen.storyboard; sourceTree = "<group>"; };
		CDB693DD207C6F2F00CD7D61 /* Attraction.swift */ = {isa = PBXFileReference; fileEncoding = 4; lastKnownFileType = sourcecode.swift; path = Attraction.swift; sourceTree = "<group>"; };
/* End PBXFileReference section */

/* Begin PBXFrameworksBuildPhase section */
		7E1192412062C0D800B28B34 /* Frameworks */ = {
			isa = PBXFrameworksBuildPhase;
			buildActionMask = 2147483647;
			files = (
				1C4BEC361BF944B5EB3CB637 /* Pods_Vagary.framework in Frameworks */,
			);
			runOnlyForDeploymentPostprocessing = 0;
		};
/* End PBXFrameworksBuildPhase section */

/* Begin PBXGroup section */
		66D5FD7DFF5FFB1979EB9445 /* Frameworks */ = {
			isa = PBXGroup;
			children = (
				7F5CB0FB7333199D0682207D /* Pods_Vagary.framework */,
			);
			name = Frameworks;
			sourceTree = "<group>";
		};
		7E11923B2062C0D800B28B34 = {
			isa = PBXGroup;
			children = (
				7E1192462062C0D800B28B34 /* Vagary */,
				7E1192452062C0D800B28B34 /* Products */,
				96CBBC30C06F346AA201D11E /* Pods */,
				66D5FD7DFF5FFB1979EB9445 /* Frameworks */,
			);
			sourceTree = "<group>";
		};
		7E1192452062C0D800B28B34 /* Products */ = {
			isa = PBXGroup;
			children = (
				7E1192442062C0D800B28B34 /* Vagary.app */,
			);
			name = Products;
			sourceTree = "<group>";
		};
		7E1192462062C0D800B28B34 /* Vagary */ = {
			isa = PBXGroup;
			children = (
				CD9B10EA206ECBC500DABB96 /* LaunchScreen.storyboard */,
				7E3C5F3F207D0E5700C3D93D /* Main.storyboard */,
				7E1192472062C0D800B28B34 /* AppDelegate.swift */,
				7E11926A2062EE1B00B28B34 /* Assets.xcassets */,
				7E11926F2063327200B28B34 /* attractions.json */,
				7E11925B2062E93B00B28B34 /* FacebookViewController.swift */,
				CDB693DD207C6F2F00CD7D61 /* Attraction.swift */,
				7E11925D2062EDA800B28B34 /* TableViewController.swift */,
				7E11925E2062EDA800B28B34 /* TableViewController2.swift */,
				7E1192652062EDBB00B28B34 /* MapViewController.swift */,
				7E1192622062EDB100B28B34 /* EditorViewController.swift */,
				7E1192612062EDB100B28B34 /* InstrumentationRootViewController.swift */,
				7E1192552062C0D900B28B34 /* Info.plist */,
			);
			path = Vagary;
			sourceTree = "<group>";
		};
		96CBBC30C06F346AA201D11E /* Pods */ = {
			isa = PBXGroup;
			children = (
				7A8B7396CBDA27EE128BAE00 /* Pods-Vagary.debug.xcconfig */,
				9F05E26517EDE0386728E827 /* Pods-Vagary.release.xcconfig */,
			);
			name = Pods;
			sourceTree = "<group>";
		};
/* End PBXGroup section */

/* Begin PBXNativeTarget section */
		7E1192432062C0D800B28B34 /* Vagary */ = {
			isa = PBXNativeTarget;
			buildConfigurationList = 7E1192582062C0D900B28B34 /* Build configuration list for PBXNativeTarget "Vagary" */;
			buildPhases = (
				01FEE8D426F218A69648337A /* [CP] Check Pods Manifest.lock */,
				7E1192402062C0D800B28B34 /* Sources */,
				7E1192412062C0D800B28B34 /* Frameworks */,
				7E1192422062C0D800B28B34 /* Resources */,
				6924C2E5BCF72AE0DF9319F5 /* [CP] Embed Pods Frameworks */,
				4DD98F7230D1AF2C3F97D195 /* [CP] Copy Pods Resources */,
			);
			buildRules = (
			);
			dependencies = (
			);
			name = Vagary;
			productName = Vagary;
			productReference = 7E1192442062C0D800B28B34 /* Vagary.app */;
			productType = "com.apple.product-type.application";
		};
/* End PBXNativeTarget section */

/* Begin PBXProject section */
		7E11923C2062C0D800B28B34 /* Project object */ = {
			isa = PBXProject;
			attributes = {
				LastSwiftUpdateCheck = 0920;
				LastUpgradeCheck = 0920;
				ORGANIZATIONNAME = saritaentreprises.com;
				TargetAttributes = {
					7E1192432062C0D800B28B34 = {
						CreatedOnToolsVersion = 9.2;
						ProvisioningStyle = Automatic;
					};
				};
			};
			buildConfigurationList = 7E11923F2062C0D800B28B34 /* Build configuration list for PBXProject "Vagary" */;
			compatibilityVersion = "Xcode 8.0";
			developmentRegion = en;
			hasScannedForEncodings = 0;
			knownRegions = (
				en,
				Base,
			);
			mainGroup = 7E11923B2062C0D800B28B34;
			productRefGroup = 7E1192452062C0D800B28B34 /* Products */;
			projectDirPath = "";
			projectRoot = "";
			targets = (
				7E1192432062C0D800B28B34 /* Vagary */,
			);
		};
/* End PBXProject section */

/* Begin PBXResourcesBuildPhase section */
		7E1192422062C0D800B28B34 /* Resources */ = {
			isa = PBXResourcesBuildPhase;
			buildActionMask = 2147483647;
			files = (
				CD9B10ED206ECBC500DABB96 /* LaunchScreen.storyboard in Resources */,
				7E1192702063327200B28B34 /* attractions.json in Resources */,
				7E11926B2062EE1B00B28B34 /* Assets.xcassets in Resources */,
				7E3C5F41207D0E5700C3D93D /* Main.storyboard in Resources */,
			);
			runOnlyForDeploymentPostprocessing = 0;
		};
/* End PBXResourcesBuildPhase section */

/* Begin PBXShellScriptBuildPhase section */
		01FEE8D426F218A69648337A /* [CP] Check Pods Manifest.lock */ = {
			isa = PBXShellScriptBuildPhase;
			buildActionMask = 2147483647;
			files = (
			);
			inputPaths = (
				"${PODS_PODFILE_DIR_PATH}/Podfile.lock",
				"${PODS_ROOT}/Manifest.lock",
			);
			name = "[CP] Check Pods Manifest.lock";
			outputPaths = (
				"$(DERIVED_FILE_DIR)/Pods-Vagary-checkManifestLockResult.txt",
			);
			runOnlyForDeploymentPostprocessing = 0;
			shellPath = /bin/sh;
			shellScript = "diff \"${PODS_PODFILE_DIR_PATH}/Podfile.lock\" \"${PODS_ROOT}/Manifest.lock\" > /dev/null\nif [ $? != 0 ] ; then\n    # print error to STDERR\n    echo \"error: The sandbox is not in sync with the Podfile.lock. Run 'pod install' or update your CocoaPods installation.\" >&2\n    exit 1\nfi\n# This output is used by Xcode 'outputs' to avoid re-running this script phase.\necho \"SUCCESS\" > \"${SCRIPT_OUTPUT_FILE_0}\"\n";
			showEnvVarsInLog = 0;
		};
		4DD98F7230D1AF2C3F97D195 /* [CP] Copy Pods Resources */ = {
			isa = PBXShellScriptBuildPhase;
			buildActionMask = 2147483647;
			files = (
			);
			inputPaths = (
			);
			name = "[CP] Copy Pods Resources";
			outputPaths = (
			);
			runOnlyForDeploymentPostprocessing = 0;
			shellPath = /bin/sh;
			shellScript = "\"${SRCROOT}/Pods/Target Support Files/Pods-Vagary/Pods-Vagary-resources.sh\"\n";
			showEnvVarsInLog = 0;
		};
		6924C2E5BCF72AE0DF9319F5 /* [CP] Embed Pods Frameworks */ = {
			isa = PBXShellScriptBuildPhase;
			buildActionMask = 2147483647;
			files = (
			);
			inputPaths = (
				"${SRCROOT}/Pods/Target Support Files/Pods-Vagary/Pods-Vagary-frameworks.sh",
				"${BUILT_PRODUCTS_DIR}/Bolts/Bolts.framework",
				"${BUILT_PRODUCTS_DIR}/FBSDKCoreKit/FBSDKCoreKit.framework",
				"${BUILT_PRODUCTS_DIR}/FBSDKLoginKit/FBSDKLoginKit.framework",
				"${BUILT_PRODUCTS_DIR}/FacebookCore/FacebookCore.framework",
				"${BUILT_PRODUCTS_DIR}/FacebookLogin/FacebookLogin.framework",
			);
			name = "[CP] Embed Pods Frameworks";
			outputPaths = (
				"${TARGET_BUILD_DIR}/${FRAMEWORKS_FOLDER_PATH}/Bolts.framework",
				"${TARGET_BUILD_DIR}/${FRAMEWORKS_FOLDER_PATH}/FBSDKCoreKit.framework",
				"${TARGET_BUILD_DIR}/${FRAMEWORKS_FOLDER_PATH}/FBSDKLoginKit.framework",
				"${TARGET_BUILD_DIR}/${FRAMEWORKS_FOLDER_PATH}/FacebookCore.framework",
				"${TARGET_BUILD_DIR}/${FRAMEWORKS_FOLDER_PATH}/FacebookLogin.framework",
			);
			runOnlyForDeploymentPostprocessing = 0;
			shellPath = /bin/sh;
			shellScript = "\"${SRCROOT}/Pods/Target Support Files/Pods-Vagary/Pods-Vagary-frameworks.sh\"\n";
			showEnvVarsInLog = 0;
		};
/* End PBXShellScriptBuildPhase section */

/* Begin PBXSourcesBuildPhase section */
		7E1192402062C0D800B28B34 /* Sources */ = {
			isa = PBXSourcesBuildPhase;
			buildActionMask = 2147483647;
			files = (
				7E11925C2062E93C00B28B34 /* FacebookViewController.swift in Sources */,
				7E1192642062EDB200B28B34 /* EditorViewController.swift in Sources */,
				7E11925F2062EDA800B28B34 /* TableViewController.swift in Sources */,
				7E1192602062EDA800B28B34 /* TableViewController2.swift in Sources */,
				CDB693DE207C6F2F00CD7D61 /* Attraction.swift in Sources */,
				7E1192632062EDB200B28B34 /* InstrumentationRootViewController.swift in Sources */,
				7E1192482062C0D800B28B34 /* AppDelegate.swift in Sources */,
				7E1192662062EDBB00B28B34 /* MapViewController.swift in Sources */,
			);
			runOnlyForDeploymentPostprocessing = 0;
		};
/* End PBXSourcesBuildPhase section */

/* Begin PBXVariantGroup section */
		7E3C5F3F207D0E5700C3D93D /* Main.storyboard */ = {
			isa = PBXVariantGroup;
			children = (
				7E3C5F40207D0E5700C3D93D /* Base */,
			);
			name = Main.storyboard;
			sourceTree = "<group>";
		};
		CD9B10EA206ECBC500DABB96 /* LaunchScreen.storyboard */ = {
			isa = PBXVariantGroup;
			children = (
				CD9B10EB206ECBC500DABB96 /* Base */,
			);
			name = LaunchScreen.storyboard;
			sourceTree = "<group>";
		};
/* End PBXVariantGroup section */

/* Begin XCBuildConfiguration section */
		7E1192562062C0D900B28B34 /* Debug */ = {
			isa = XCBuildConfiguration;
			buildSettings = {
				ALWAYS_SEARCH_USER_PATHS = NO;
				CLANG_ANALYZER_NONNULL = YES;
				CLANG_ANALYZER_NUMBER_OBJECT_CONVERSION = YES_AGGRESSIVE;
				CLANG_CXX_LANGUAGE_STANDARD = "gnu++14";
				CLANG_CXX_LIBRARY = "libc++";
				CLANG_ENABLE_MODULES = YES;
				CLANG_ENABLE_OBJC_ARC = YES;
				CLANG_WARN_BLOCK_CAPTURE_AUTORELEASING = YES;
				CLANG_WARN_BOOL_CONVERSION = YES;
				CLANG_WARN_COMMA = YES;
				CLANG_WARN_CONSTANT_CONVERSION = YES;
				CLANG_WARN_DIRECT_OBJC_ISA_USAGE = YES_ERROR;
				CLANG_WARN_DOCUMENTATION_COMMENTS = YES;
				CLANG_WARN_EMPTY_BODY = YES;
				CLANG_WARN_ENUM_CONVERSION = YES;
				CLANG_WARN_INFINITE_RECURSION = YES;
				CLANG_WARN_INT_CONVERSION = YES;
				CLANG_WARN_NON_LITERAL_NULL_CONVERSION = YES;
				CLANG_WARN_OBJC_LITERAL_CONVERSION = YES;
				CLANG_WARN_OBJC_ROOT_CLASS = YES_ERROR;
				CLANG_WARN_RANGE_LOOP_ANALYSIS = YES;
				CLANG_WARN_STRICT_PROTOTYPES = YES;
				CLANG_WARN_SUSPICIOUS_MOVE = YES;
				CLANG_WARN_UNGUARDED_AVAILABILITY = YES_AGGRESSIVE;
				CLANG_WARN_UNREACHABLE_CODE = YES;
				CLANG_WARN__DUPLICATE_METHOD_MATCH = YES;
				CODE_SIGN_IDENTITY = "iPhone Developer";
				COPY_PHASE_STRIP = NO;
				DEBUG_INFORMATION_FORMAT = dwarf;
				ENABLE_STRICT_OBJC_MSGSEND = YES;
				ENABLE_TESTABILITY = YES;
				GCC_C_LANGUAGE_STANDARD = gnu11;
				GCC_DYNAMIC_NO_PIC = NO;
				GCC_NO_COMMON_BLOCKS = YES;
				GCC_OPTIMIZATION_LEVEL = 0;
				GCC_PREPROCESSOR_DEFINITIONS = (
					"DEBUG=1",
					"$(inherited)",
				);
				GCC_WARN_64_TO_32_BIT_CONVERSION = YES;
				GCC_WARN_ABOUT_RETURN_TYPE = YES_ERROR;
				GCC_WARN_UNDECLARED_SELECTOR = YES;
				GCC_WARN_UNINITIALIZED_AUTOS = YES_AGGRESSIVE;
				GCC_WARN_UNUSED_FUNCTION = YES;
				GCC_WARN_UNUSED_VARIABLE = YES;
				IPHONEOS_DEPLOYMENT_TARGET = 11.2;
				MTL_ENABLE_DEBUG_INFO = YES;
				ONLY_ACTIVE_ARCH = YES;
				SDKROOT = iphoneos;
				SWIFT_ACTIVE_COMPILATION_CONDITIONS = DEBUG;
				SWIFT_OPTIMIZATION_LEVEL = "-Onone";
			};
			name = Debug;
		};
		7E1192572062C0D900B28B34 /* Release */ = {
			isa = XCBuildConfiguration;
			buildSettings = {
				ALWAYS_SEARCH_USER_PATHS = NO;
				CLANG_ANALYZER_NONNULL = YES;
				CLANG_ANALYZER_NUMBER_OBJECT_CONVERSION = YES_AGGRESSIVE;
				CLANG_CXX_LANGUAGE_STANDARD = "gnu++14";
				CLANG_CXX_LIBRARY = "libc++";
				CLANG_ENABLE_MODULES = YES;
				CLANG_ENABLE_OBJC_ARC = YES;
				CLANG_WARN_BLOCK_CAPTURE_AUTORELEASING = YES;
				CLANG_WARN_BOOL_CONVERSION = YES;
				CLANG_WARN_COMMA = YES;
				CLANG_WARN_CONSTANT_CONVERSION = YES;
				CLANG_WARN_DIRECT_OBJC_ISA_USAGE = YES_ERROR;
				CLANG_WARN_DOCUMENTATION_COMMENTS = YES;
				CLANG_WARN_EMPTY_BODY = YES;
				CLANG_WARN_ENUM_CONVERSION = YES;
				CLANG_WARN_INFINITE_RECURSION = YES;
				CLANG_WARN_INT_CONVERSION = YES;
				CLANG_WARN_NON_LITERAL_NULL_CONVERSION = YES;
				CLANG_WARN_OBJC_LITERAL_CONVERSION = YES;
				CLANG_WARN_OBJC_ROOT_CLASS = YES_ERROR;
				CLANG_WARN_RANGE_LOOP_ANALYSIS = YES;
				CLANG_WARN_STRICT_PROTOTYPES = YES;
				CLANG_WARN_SUSPICIOUS_MOVE = YES;
				CLANG_WARN_UNGUARDED_AVAILABILITY = YES_AGGRESSIVE;
				CLANG_WARN_UNREACHABLE_CODE = YES;
				CLANG_WARN__DUPLICATE_METHOD_MATCH = YES;
				CODE_SIGN_IDENTITY = "iPhone Developer";
				COPY_PHASE_STRIP = NO;
				DEBUG_INFORMATION_FORMAT = "dwarf-with-dsym";
				ENABLE_NS_ASSERTIONS = NO;
				ENABLE_STRICT_OBJC_MSGSEND = YES;
				GCC_C_LANGUAGE_STANDARD = gnu11;
				GCC_NO_COMMON_BLOCKS = YES;
				GCC_WARN_64_TO_32_BIT_CONVERSION = YES;
				GCC_WARN_ABOUT_RETURN_TYPE = YES_ERROR;
				GCC_WARN_UNDECLARED_SELECTOR = YES;
				GCC_WARN_UNINITIALIZED_AUTOS = YES_AGGRESSIVE;
				GCC_WARN_UNUSED_FUNCTION = YES;
				GCC_WARN_UNUSED_VARIABLE = YES;
				IPHONEOS_DEPLOYMENT_TARGET = 11.2;
				MTL_ENABLE_DEBUG_INFO = NO;
				SDKROOT = iphoneos;
				SWIFT_OPTIMIZATION_LEVEL = "-Owholemodule";
				VALIDATE_PRODUCT = YES;
			};
			name = Release;
		};
		7E1192592062C0D900B28B34 /* Debug */ = {
			isa = XCBuildConfiguration;
			baseConfigurationReference = 7A8B7396CBDA27EE128BAE00 /* Pods-Vagary.debug.xcconfig */;
			buildSettings = {
				ASSETCATALOG_COMPILER_APPICON_NAME = AppIcon;
				CODE_SIGN_STYLE = Automatic;
				DEVELOPMENT_TEAM = 7652ZX4BYS;
				INFOPLIST_FILE = Vagary/Info.plist;
				LD_RUNPATH_SEARCH_PATHS = "$(inherited) @executable_path/Frameworks";
				PRODUCT_BUNDLE_IDENTIFIER = mx.com.itbrain.stagarot;
				PRODUCT_NAME = "$(TARGET_NAME)";
				SWIFT_VERSION = 4.0;
				TARGETED_DEVICE_FAMILY = "1,2";
			};
			name = Debug;
		};
		7E11925A2062C0D900B28B34 /* Release */ = {
			isa = XCBuildConfiguration;
			baseConfigurationReference = 9F05E26517EDE0386728E827 /* Pods-Vagary.release.xcconfig */;
			buildSettings = {
				ASSETCATALOG_COMPILER_APPICON_NAME = AppIcon;
				CODE_SIGN_STYLE = Automatic;
				DEVELOPMENT_TEAM = 7652ZX4BYS;
				INFOPLIST_FILE = Vagary/Info.plist;
				LD_RUNPATH_SEARCH_PATHS = "$(inherited) @executable_path/Frameworks";
				PRODUCT_BUNDLE_IDENTIFIER = mx.com.itbrain.stagarot;
				PRODUCT_NAME = "$(TARGET_NAME)";
				SWIFT_VERSION = 4.0;
				TARGETED_DEVICE_FAMILY = "1,2";
			};
			name = Release;
		};
/* End XCBuildConfiguration section */

/* Begin XCConfigurationList section */
		7E11923F2062C0D800B28B34 /* Build configuration list for PBXProject "Vagary" */ = {
			isa = XCConfigurationList;
			buildConfigurations = (
				7E1192562062C0D900B28B34 /* Debug */,
				7E1192572062C0D900B28B34 /* Release */,
			);
			defaultConfigurationIsVisible = 0;
			defaultConfigurationName = Release;
		};
		7E1192582062C0D900B28B34 /* Build configuration list for PBXNativeTarget "Vagary" */ = {
			isa = XCConfigurationList;
			buildConfigurations = (
				7E1192592062C0D900B28B34 /* Debug */,
				7E11925A2062C0D900B28B34 /* Release */,
			);
			defaultConfigurationIsVisible = 0;
			defaultConfigurationName = Release;
		};
/* End XCConfigurationList section */
	};
	rootObject = 7E11923C2062C0D800B28B34 /* Project object */;
}
